
Microsoft Visual Studio Solution File, Format Version 12.00
# Visual Studio Version 17
VisualStudioVersion = 17.10.35013.160
MinimumVisualStudioVersion = 10.0.40219.1
Project("{9A19103F-16F7-4668-BE54-9A1E7A4F7556}") = "JumpStart", "JumpStart\JumpStart.csproj", "{D5B8AB49-C027-4BA9-8F1B-2634684A2A60}"
EndProject
Global
	GlobalSection(SolutionConfigurationPlatforms) = preSolution
		Debug|Any CPU = Debug|Any CPU
		Release|Any CPU = Release|Any CPU
	EndGlobalSection
	GlobalSection(ProjectConfigurationPlatforms) = postSolution
		{D5B8AB49-C027-4BA9-8F1B-2634684A2A60}.Debug|Any CPU.ActiveCfg = Debug|Any CPU
		{D5B8AB49-C027-4BA9-8F1B-2634684A2A60}.Debug|Any CPU.Build.0 = Debug|Any CPU
		{D5B8AB49-C027-4BA9-8F1B-2634684A2A60}.Debug|Any CPU.Deploy.0 = Debug|Any CPU
		{D5B8AB49-C027-4BA9-8F1B-2634684A2A60}.Release|Any CPU.ActiveCfg = Release|Any CPU
		{D5B8AB49-C027-4BA9-8F1B-2634684A2A60}.Release|Any CPU.Build.0 = Release|Any CPU
		{D5B8AB49-C027-4BA9-8F1B-2634684A2A60}.Release|Any CPU.Deploy.0 = Release|Any CPU
	EndGlobalSection
	GlobalSection(SolutionProperties) = preSolution
		HideSolutionNode = FALSE
	EndGlobalSection
	GlobalSection(ExtensibilityGlobals) = postSolution
		SolutionGuid = {74AAD4C0-4B1B-440F-BA58-B85CB57761FF}
	EndGlobalSection
EndGlobal
